// !$*UTF8*$!
{
	archiveVersion = 1;
	classes = {
	};
	objectVersion = 48;
	objects = {

/* Begin PBXBuildFile section */
		00CD1DD99A56BF53BAF14A15 /* Pods_flix_demo.framework in Frameworks */ = {isa = PBXBuildFile; fileRef = 9D45A644DE7A429527F14B6D /* Pods_flix_demo.framework */; };
		027772E927BCA5BD76E32364 /* Pods_flix_demoTests.framework in Frameworks */ = {isa = PBXBuildFile; fileRef = 269640233A1B27CBD2907D94 /* Pods_flix_demoTests.framework */; };
		29637A946D1D68FE25156AC4 /* Pods_flix_demoUITests.framework in Frameworks */ = {isa = PBXBuildFile; fileRef = 64A493A91BB3CC88973E95C5 /* Pods_flix_demoUITests.framework */; };
		C65078C7202A833000EBBC1D /* DetailViewControllers.swift in Sources */ = {isa = PBXBuildFile; fileRef = C65078C6202A833000EBBC1D /* DetailViewControllers.swift */; };
		C6996F0620214EA50078B35E /* AppDelegate.swift in Sources */ = {isa = PBXBuildFile; fileRef = C6996F0520214EA50078B35E /* AppDelegate.swift */; };
		C6996F0B20214EA50078B35E /* Main.storyboard in Resources */ = {isa = PBXBuildFile; fileRef = C6996F0920214EA50078B35E /* Main.storyboard */; };
		C6996F0D20214EA50078B35E /* Assets.xcassets in Resources */ = {isa = PBXBuildFile; fileRef = C6996F0C20214EA50078B35E /* Assets.xcassets */; };
		C6996F1020214EA50078B35E /* LaunchScreen.storyboard in Resources */ = {isa = PBXBuildFile; fileRef = C6996F0E20214EA50078B35E /* LaunchScreen.storyboard */; };
		C6996F1B20214EA50078B35E /* flix_demoTests.swift in Sources */ = {isa = PBXBuildFile; fileRef = C6996F1A20214EA50078B35E /* flix_demoTests.swift */; };
		C6996F2620214EA50078B35E /* flix_demoUITests.swift in Sources */ = {isa = PBXBuildFile; fileRef = C6996F2520214EA50078B35E /* flix_demoUITests.swift */; };
		C6BA5CBB2027F8970056FDAD /* NowPlayingViewController.swift in Sources */ = {isa = PBXBuildFile; fileRef = C6BA5CBA2027F8970056FDAD /* NowPlayingViewController.swift */; };
		C6BA5CBD202813E10056FDAD /* MovieCell.swift in Sources */ = {isa = PBXBuildFile; fileRef = C6BA5CBC202813E10056FDAD /* MovieCell.swift */; };
/* End PBXBuildFile section */

/* Begin PBXContainerItemProxy section */
		C6996F1720214EA50078B35E /* PBXContainerItemProxy */ = {
			isa = PBXContainerItemProxy;
			containerPortal = C6996EFA20214EA40078B35E /* Project object */;
			proxyType = 1;
			remoteGlobalIDString = C6996F0120214EA40078B35E;
			remoteInfo = flix_demo;
		};
		C6996F2220214EA50078B35E /* PBXContainerItemProxy */ = {
			isa = PBXContainerItemProxy;
			containerPortal = C6996EFA20214EA40078B35E /* Project object */;
			proxyType = 1;
			remoteGlobalIDString = C6996F0120214EA40078B35E;
			remoteInfo = flix_demo;
		};
/* End PBXContainerItemProxy section */

/* Begin PBXFileReference section */
		0500571E8748881F7104ABC4 /* Pods-flix_demoUITests.debug.xcconfig */ = {isa = PBXFileReference; includeInIndex = 1; lastKnownFileType = text.xcconfig; name = "Pods-flix_demoUITests.debug.xcconfig"; path = "Pods/Target Support Files/Pods-flix_demoUITests/Pods-flix_demoUITests.debug.xcconfig"; sourceTree = "<group>"; };
		0A83FF08300608362B0FE0E4 /* Pods-flix_demoUITests.release.xcconfig */ = {isa = PBXFileReference; includeInIndex = 1; lastKnownFileType = text.xcconfig; name = "Pods-flix_demoUITests.release.xcconfig"; path = "Pods/Target Support Files/Pods-flix_demoUITests/Pods-flix_demoUITests.release.xcconfig"; sourceTree = "<group>"; };
		253219E7BDDE99E339CE6617 /* Pods-flix_demoTests.release.xcconfig */ = {isa = PBXFileReference; includeInIndex = 1; lastKnownFileType = text.xcconfig; name = "Pods-flix_demoTests.release.xcconfig"; path = "Pods/Target Support Files/Pods-flix_demoTests/Pods-flix_demoTests.release.xcconfig"; sourceTree = "<group>"; };
		269640233A1B27CBD2907D94 /* Pods_flix_demoTests.framework */ = {isa = PBXFileReference; explicitFileType = wrapper.framework; includeInIndex = 0; path = Pods_flix_demoTests.framework; sourceTree = BUILT_PRODUCTS_DIR; };
		64A493A91BB3CC88973E95C5 /* Pods_flix_demoUITests.framework */ = {isa = PBXFileReference; explicitFileType = wrapper.framework; includeInIndex = 0; path = Pods_flix_demoUITests.framework; sourceTree = BUILT_PRODUCTS_DIR; };
		9D45A644DE7A429527F14B6D /* Pods_flix_demo.framework */ = {isa = PBXFileReference; explicitFileType = wrapper.framework; includeInIndex = 0; path = Pods_flix_demo.framework; sourceTree = BUILT_PRODUCTS_DIR; };
		B2CFCCA0180B10614AB9F7B9 /* Pods-flix_demoTests.debug.xcconfig */ = {isa = PBXFileReference; includeInIndex = 1; lastKnownFileType = text.xcconfig; name = "Pods-flix_demoTests.debug.xcconfig"; path = "Pods/Target Support Files/Pods-flix_demoTests/Pods-flix_demoTests.debug.xcconfig"; sourceTree = "<group>"; };
		C58B1903A3ED22CB9BED89C7 /* Pods-flix_demo.release.xcconfig */ = {isa = PBXFileReference; includeInIndex = 1; lastKnownFileType = text.xcconfig; name = "Pods-flix_demo.release.xcconfig"; path = "Pods/Target Support Files/Pods-flix_demo/Pods-flix_demo.release.xcconfig"; sourceTree = "<group>"; };
		C65078C6202A833000EBBC1D /* DetailViewControllers.swift */ = {isa = PBXFileReference; lastKnownFileType = sourcecode.swift; path = DetailViewControllers.swift; sourceTree = "<group>"; };
		C6996F0220214EA50078B35E /* flix_demo.app */ = {isa = PBXFileReference; explicitFileType = wrapper.application; includeInIndex = 0; path = flix_demo.app; sourceTree = BUILT_PRODUCTS_DIR; };
		C6996F0520214EA50078B35E /* AppDelegate.swift */ = {isa = PBXFileReference; lastKnownFileType = sourcecode.swift; path = AppDelegate.swift; sourceTree = "<group>"; };
		C6996F0A20214EA50078B35E /* Base */ = {isa = PBXFileReference; lastKnownFileType = file.storyboard; name = Base; path = Base.lproj/Main.storyboard; sourceTree = "<group>"; };
		C6996F0C20214EA50078B35E /* Assets.xcassets */ = {isa = PBXFileReference; lastKnownFileType = folder.assetcatalog; path = Assets.xcassets; sourceTree = "<group>"; };
		C6996F0F20214EA50078B35E /* Base */ = {isa = PBXFileReference; lastKnownFileType = file.storyboard; name = Base; path = Base.lproj/LaunchScreen.storyboard; sourceTree = "<group>"; };
		C6996F1120214EA50078B35E /* Info.plist */ = {isa = PBXFileReference; lastKnownFileType = text.plist.xml; path = Info.plist; sourceTree = "<group>"; };
		C6996F1620214EA50078B35E /* flix_demoTests.xctest */ = {isa = PBXFileReference; explicitFileType = wrapper.cfbundle; includeInIndex = 0; path = flix_demoTests.xctest; sourceTree = BUILT_PRODUCTS_DIR; };
		C6996F1A20214EA50078B35E /* flix_demoTests.swift */ = {isa = PBXFileReference; lastKnownFileType = sourcecode.swift; path = flix_demoTests.swift; sourceTree = "<group>"; };
		C6996F1C20214EA50078B35E /* Info.plist */ = {isa = PBXFileReference; lastKnownFileType = text.plist.xml; path = Info.plist; sourceTree = "<group>"; };
		C6996F2120214EA50078B35E /* flix_demoUITests.xctest */ = {isa = PBXFileReference; explicitFileType = wrapper.cfbundle; includeInIndex = 0; path = flix_demoUITests.xctest; sourceTree = BUILT_PRODUCTS_DIR; };
		C6996F2520214EA50078B35E /* flix_demoUITests.swift */ = {isa = PBXFileReference; lastKnownFileType = sourcecode.swift; path = flix_demoUITests.swift; sourceTree = "<group>"; };
		C6996F2720214EA50078B35E /* Info.plist */ = {isa = PBXFileReference; lastKnownFileType = text.plist.xml; path = Info.plist; sourceTree = "<group>"; };
		C6BA5CBA2027F8970056FDAD /* NowPlayingViewController.swift */ = {isa = PBXFileReference; lastKnownFileType = sourcecode.swift; path = NowPlayingViewController.swift; sourceTree = "<group>"; };
		C6BA5CBC202813E10056FDAD /* MovieCell.swift */ = {isa = PBXFileReference; lastKnownFileType = sourcecode.swift; path = MovieCell.swift; sourceTree = "<group>"; };
		F575C96BAB7A17792DA54497 /* Pods-flix_demo.debug.xcconfig */ = {isa = PBXFileReference; includeInIndex = 1; lastKnownFileType = text.xcconfig; name = "Pods-flix_demo.debug.xcconfig"; path = "Pods/Target Support Files/Pods-flix_demo/Pods-flix_demo.debug.xcconfig"; sourceTree = "<group>"; };
/* End PBXFileReference section */

/* Begin PBXFrameworksBuildPhase section */
		C6996EFF20214EA40078B35E /* Frameworks */ = {
			isa = PBXFrameworksBuildPhase;
			buildActionMask = 2147483647;
			files = (
				00CD1DD99A56BF53BAF14A15 /* Pods_flix_demo.framework in Frameworks */,
			);
			runOnlyForDeploymentPostprocessing = 0;
		};
		C6996F1320214EA50078B35E /* Frameworks */ = {
			isa = PBXFrameworksBuildPhase;
			buildActionMask = 2147483647;
			files = (
				027772E927BCA5BD76E32364 /* Pods_flix_demoTests.framework in Frameworks */,
			);
			runOnlyForDeploymentPostprocessing = 0;
		};
		C6996F1E20214EA50078B35E /* Frameworks */ = {
			isa = PBXFrameworksBuildPhase;
			buildActionMask = 2147483647;
			files = (
				29637A946D1D68FE25156AC4 /* Pods_flix_demoUITests.framework in Frameworks */,
			);
			runOnlyForDeploymentPostprocessing = 0;
		};
/* End PBXFrameworksBuildPhase section */

/* Begin PBXGroup section */
		70A3E953C66D047A3828FC58 /* Frameworks */ = {
			isa = PBXGroup;
			children = (
				9D45A644DE7A429527F14B6D /* Pods_flix_demo.framework */,
				269640233A1B27CBD2907D94 /* Pods_flix_demoTests.framework */,
				64A493A91BB3CC88973E95C5 /* Pods_flix_demoUITests.framework */,
			);
			name = Frameworks;
			sourceTree = "<group>";
		};
		C65078C4202A82D200EBBC1D /* ViewControllers */ = {
			isa = PBXGroup;
			children = (
				C6BA5CBA2027F8970056FDAD /* NowPlayingViewController.swift */,
				C65078C6202A833000EBBC1D /* DetailViewControllers.swift */,
			);
			path = ViewControllers;
			sourceTree = "<group>";
		};
		C65078C5202A82F400EBBC1D /* Views */ = {
			isa = PBXGroup;
			children = (
			);
			path = Views;
			sourceTree = "<group>";
		};
		C6996EF920214EA40078B35E = {
			isa = PBXGroup;
			children = (
				C6996F0420214EA50078B35E /* flix_demo */,
				C6996F1920214EA50078B35E /* flix_demoTests */,
				C6996F2420214EA50078B35E /* flix_demoUITests */,
				C6996F0320214EA50078B35E /* Products */,
				D366DCBFBA37FDA1197A0F80 /* Pods */,
				70A3E953C66D047A3828FC58 /* Frameworks */,
			);
			sourceTree = "<group>";
		};
		C6996F0320214EA50078B35E /* Products */ = {
			isa = PBXGroup;
			children = (
				C6996F0220214EA50078B35E /* flix_demo.app */,
				C6996F1620214EA50078B35E /* flix_demoTests.xctest */,
				C6996F2120214EA50078B35E /* flix_demoUITests.xctest */,
			);
			name = Products;
			sourceTree = "<group>";
		};
		C6996F0420214EA50078B35E /* flix_demo */ = {
			isa = PBXGroup;
			children = (
				C65078C5202A82F400EBBC1D /* Views */,
				C65078C4202A82D200EBBC1D /* ViewControllers */,
				C6BA5CBC202813E10056FDAD /* MovieCell.swift */,
				C6996F0520214EA50078B35E /* AppDelegate.swift */,
				C6996F0920214EA50078B35E /* Main.storyboard */,
				C6996F0C20214EA50078B35E /* Assets.xcassets */,
				C6996F0E20214EA50078B35E /* LaunchScreen.storyboard */,
				C6996F1120214EA50078B35E /* Info.plist */,
			);
			path = flix_demo;
			sourceTree = "<group>";
		};
		C6996F1920214EA50078B35E /* flix_demoTests */ = {
			isa = PBXGroup;
			children = (
				C6996F1A20214EA50078B35E /* flix_demoTests.swift */,
				C6996F1C20214EA50078B35E /* Info.plist */,
			);
			path = flix_demoTests;
			sourceTree = "<group>";
		};
		C6996F2420214EA50078B35E /* flix_demoUITests */ = {
			isa = PBXGroup;
			children = (
				C6996F2520214EA50078B35E /* flix_demoUITests.swift */,
				C6996F2720214EA50078B35E /* Info.plist */,
			);
			path = flix_demoUITests;
			sourceTree = "<group>";
		};
		D366DCBFBA37FDA1197A0F80 /* Pods */ = {
			isa = PBXGroup;
			children = (
				F575C96BAB7A17792DA54497 /* Pods-flix_demo.debug.xcconfig */,
				C58B1903A3ED22CB9BED89C7 /* Pods-flix_demo.release.xcconfig */,
				B2CFCCA0180B10614AB9F7B9 /* Pods-flix_demoTests.debug.xcconfig */,
				253219E7BDDE99E339CE6617 /* Pods-flix_demoTests.release.xcconfig */,
				0500571E8748881F7104ABC4 /* Pods-flix_demoUITests.debug.xcconfig */,
				0A83FF08300608362B0FE0E4 /* Pods-flix_demoUITests.release.xcconfig */,
			);
			name = Pods;
			sourceTree = "<group>";
		};
/* End PBXGroup section */

/* Begin PBXNativeTarget section */
		C6996F0120214EA40078B35E /* flix_demo */ = {
			isa = PBXNativeTarget;
			buildConfigurationList = C6996F2A20214EA50078B35E /* Build configuration list for PBXNativeTarget "flix_demo" */;
			buildPhases = (
				9B42DAA377D60AA5ECE19C5F /* [CP] Check Pods Manifest.lock */,
				C6996EFE20214EA40078B35E /* Sources */,
				C6996EFF20214EA40078B35E /* Frameworks */,
				C6996F0020214EA40078B35E /* Resources */,
				0956818F73C8FA12010ACE92 /* [CP] Embed Pods Frameworks */,
				A71EA049746F5BB71FF1F7F5 /* [CP] Copy Pods Resources */,
			);
			buildRules = (
			);
			dependencies = (
			);
			name = flix_demo;
			productName = flix_demo;
			productReference = C6996F0220214EA50078B35E /* flix_demo.app */;
			productType = "com.apple.product-type.application";
		};
		C6996F1520214EA50078B35E /* flix_demoTests */ = {
			isa = PBXNativeTarget;
			buildConfigurationList = C6996F2D20214EA50078B35E /* Build configuration list for PBXNativeTarget "flix_demoTests" */;
			buildPhases = (
				77ABB5B9801CEDC98B44BAEC /* [CP] Check Pods Manifest.lock */,
				C6996F1220214EA50078B35E /* Sources */,
				C6996F1320214EA50078B35E /* Frameworks */,
				C6996F1420214EA50078B35E /* Resources */,
				3F83717DD832568B05DCDF49 /* [CP] Embed Pods Frameworks */,
				2FDC3D12B7C054D9CD7B41E1 /* [CP] Copy Pods Resources */,
			);
			buildRules = (
			);
			dependencies = (
				C6996F1820214EA50078B35E /* PBXTargetDependency */,
			);
			name = flix_demoTests;
			productName = flix_demoTests;
			productReference = C6996F1620214EA50078B35E /* flix_demoTests.xctest */;
			productType = "com.apple.product-type.bundle.unit-test";
		};
		C6996F2020214EA50078B35E /* flix_demoUITests */ = {
			isa = PBXNativeTarget;
			buildConfigurationList = C6996F3020214EA50078B35E /* Build configuration list for PBXNativeTarget "flix_demoUITests" */;
			buildPhases = (
				10D2F5AE56CBA39BEA63A442 /* [CP] Check Pods Manifest.lock */,
				C6996F1D20214EA50078B35E /* Sources */,
				C6996F1E20214EA50078B35E /* Frameworks */,
				C6996F1F20214EA50078B35E /* Resources */,
				974589EFE34D026329BAF726 /* [CP] Embed Pods Frameworks */,
				B4F19CFF9BC0E233ACE5CAEA /* [CP] Copy Pods Resources */,
			);
			buildRules = (
			);
			dependencies = (
				C6996F2320214EA50078B35E /* PBXTargetDependency */,
			);
			name = flix_demoUITests;
			productName = flix_demoUITests;
			productReference = C6996F2120214EA50078B35E /* flix_demoUITests.xctest */;
			productType = "com.apple.product-type.bundle.ui-testing";
		};
/* End PBXNativeTarget section */

/* Begin PBXProject section */
		C6996EFA20214EA40078B35E /* Project object */ = {
			isa = PBXProject;
			attributes = {
				LastSwiftUpdateCheck = 0920;
				LastUpgradeCheck = 0920;
				ORGANIZATIONNAME = "Jiayi Wang";
				TargetAttributes = {
					C6996F0120214EA40078B35E = {
						CreatedOnToolsVersion = 9.2;
						ProvisioningStyle = Automatic;
					};
					C6996F1520214EA50078B35E = {
						CreatedOnToolsVersion = 9.2;
						ProvisioningStyle = Automatic;
						TestTargetID = C6996F0120214EA40078B35E;
					};
					C6996F2020214EA50078B35E = {
						CreatedOnToolsVersion = 9.2;
						ProvisioningStyle = Automatic;
						TestTargetID = C6996F0120214EA40078B35E;
					};
				};
			};
			buildConfigurationList = C6996EFD20214EA40078B35E /* Build configuration list for PBXProject "flix_demo" */;
			compatibilityVersion = "Xcode 8.0";
			developmentRegion = en;
			hasScannedForEncodings = 0;
			knownRegions = (
				en,
				Base,
			);
			mainGroup = C6996EF920214EA40078B35E;
			productRefGroup = C6996F0320214EA50078B35E /* Products */;
			projectDirPath = "";
			projectRoot = "";
			targets = (
				C6996F0120214EA40078B35E /* flix_demo */,
				C6996F1520214EA50078B35E /* flix_demoTests */,
				C6996F2020214EA50078B35E /* flix_demoUITests */,
			);
		};
/* End PBXProject section */

/* Begin PBXResourcesBuildPhase section */
		C6996F0020214EA40078B35E /* Resources */ = {
			isa = PBXResourcesBuildPhase;
			buildActionMask = 2147483647;
			files = (
				C6996F1020214EA50078B35E /* LaunchScreen.storyboard in Resources */,
				C6996F0D20214EA50078B35E /* Assets.xcassets in Resources */,
				C6996F0B20214EA50078B35E /* Main.storyboard in Resources */,
			);
			runOnlyForDeploymentPostprocessing = 0;
		};
		C6996F1420214EA50078B35E /* Resources */ = {
			isa = PBXResourcesBuildPhase;
			buildActionMask = 2147483647;
			files = (
			);
			runOnlyForDeploymentPostprocessing = 0;
		};
		C6996F1F20214EA50078B35E /* Resources */ = {
			isa = PBXResourcesBuildPhase;
			buildActionMask = 2147483647;
			files = (
			);
			runOnlyForDeploymentPostprocessing = 0;
		};
/* End PBXResourcesBuildPhase section */

/* Begin PBXShellScriptBuildPhase section */
		0956818F73C8FA12010ACE92 /* [CP] Embed Pods Frameworks */ = {
			isa = PBXShellScriptBuildPhase;
			buildActionMask = 2147483647;
			files = (
			);
			inputPaths = (
				"${SRCROOT}/Pods/Target Support Files/Pods-flix_demo/Pods-flix_demo-frameworks.sh",
				"${BUILT_PRODUCTS_DIR}/Alamofire/Alamofire.framework",
				"${BUILT_PRODUCTS_DIR}/AlamofireImage/AlamofireImage.framework",
			);
			name = "[CP] Embed Pods Frameworks";
			outputPaths = (
				"${TARGET_BUILD_DIR}/${FRAMEWORKS_FOLDER_PATH}/Alamofire.framework",
				"${TARGET_BUILD_DIR}/${FRAMEWORKS_FOLDER_PATH}/AlamofireImage.framework",
			);
			runOnlyForDeploymentPostprocessing = 0;
			shellPath = /bin/sh;
			shellScript = "\"${SRCROOT}/Pods/Target Support Files/Pods-flix_demo/Pods-flix_demo-frameworks.sh\"\n";
			showEnvVarsInLog = 0;
		};
		10D2F5AE56CBA39BEA63A442 /* [CP] Check Pods Manifest.lock */ = {
			isa = PBXShellScriptBuildPhase;
			buildActionMask = 2147483647;
			files = (
			);
			inputPaths = (
				"${PODS_PODFILE_DIR_PATH}/Podfile.lock",
				"${PODS_ROOT}/Manifest.lock",
			);
			name = "[CP] Check Pods Manifest.lock";
			outputPaths = (
				"$(DERIVED_FILE_DIR)/Pods-flix_demoUITests-checkManifestLockResult.txt",
			);
			runOnlyForDeploymentPostprocessing = 0;
			shellPath = /bin/sh;
			shellScript = "diff \"${PODS_PODFILE_DIR_PATH}/Podfile.lock\" \"${PODS_ROOT}/Manifest.lock\" > /dev/null\nif [ $? != 0 ] ; then\n    # print error to STDERR\n    echo \"error: The sandbox is not in sync with the Podfile.lock. Run 'pod install' or update your CocoaPods installation.\" >&2\n    exit 1\nfi\n# This output is used by Xcode 'outputs' to avoid re-running this script phase.\necho \"SUCCESS\" > \"${SCRIPT_OUTPUT_FILE_0}\"\n";
			showEnvVarsInLog = 0;
		};
		2FDC3D12B7C054D9CD7B41E1 /* [CP] Copy Pods Resources */ = {
			isa = PBXShellScriptBuildPhase;
			buildActionMask = 2147483647;
			files = (
			);
			inputPaths = (
			);
			name = "[CP] Copy Pods Resources";
			outputPaths = (
			);
			runOnlyForDeploymentPostprocessing = 0;
			shellPath = /bin/sh;
			shellScript = "\"${SRCROOT}/Pods/Target Support Files/Pods-flix_demoTests/Pods-flix_demoTests-resources.sh\"\n";
			showEnvVarsInLog = 0;
		};
		3F83717DD832568B05DCDF49 /* [CP] Embed Pods Frameworks */ = {
			isa = PBXShellScriptBuildPhase;
			buildActionMask = 2147483647;
			files = (
			);
			inputPaths = (
			);
			name = "[CP] Embed Pods Frameworks";
			outputPaths = (
			);
			runOnlyForDeploymentPostprocessing = 0;
			shellPath = /bin/sh;
			shellScript = "\"${SRCROOT}/Pods/Target Support Files/Pods-flix_demoTests/Pods-flix_demoTests-frameworks.sh\"\n";
			showEnvVarsInLog = 0;
		};
		77ABB5B9801CEDC98B44BAEC /* [CP] Check Pods Manifest.lock */ = {
			isa = PBXShellScriptBuildPhase;
			buildActionMask = 2147483647;
			files = (
			);
			inputPaths = (
				"${PODS_PODFILE_DIR_PATH}/Podfile.lock",
				"${PODS_ROOT}/Manifest.lock",
			);
			name = "[CP] Check Pods Manifest.lock";
			outputPaths = (
				"$(DERIVED_FILE_DIR)/Pods-flix_demoTests-checkManifestLockResult.txt",
			);
			runOnlyForDeploymentPostprocessing = 0;
			shellPath = /bin/sh;
			shellScript = "diff \"${PODS_PODFILE_DIR_PATH}/Podfile.lock\" \"${PODS_ROOT}/Manifest.lock\" > /dev/null\nif [ $? != 0 ] ; then\n    # print error to STDERR\n    echo \"error: The sandbox is not in sync with the Podfile.lock. Run 'pod install' or update your CocoaPods installation.\" >&2\n    exit 1\nfi\n# This output is used by Xcode 'outputs' to avoid re-running this script phase.\necho \"SUCCESS\" > \"${SCRIPT_OUTPUT_FILE_0}\"\n";
			showEnvVarsInLog = 0;
		};
		974589EFE34D026329BAF726 /* [CP] Embed Pods Frameworks */ = {
			isa = PBXShellScriptBuildPhase;
			buildActionMask = 2147483647;
			files = (
			);
			inputPaths = (
			);
			name = "[CP] Embed Pods Frameworks";
			outputPaths = (
			);
			runOnlyForDeploymentPostprocessing = 0;
			shellPath = /bin/sh;
			shellScript = "\"${SRCROOT}/Pods/Target Support Files/Pods-flix_demoUITests/Pods-flix_demoUITests-frameworks.sh\"\n";
			showEnvVarsInLog = 0;
		};
		9B42DAA377D60AA5ECE19C5F /* [CP] Check Pods Manifest.lock */ = {
			isa = PBXShellScriptBuildPhase;
			buildActionMask = 2147483647;
			files = (
			);
			inputPaths = (
				"${PODS_PODFILE_DIR_PATH}/Podfile.lock",
				"${PODS_ROOT}/Manifest.lock",
			);
			name = "[CP] Check Pods Manifest.lock";
			outputPaths = (
				"$(DERIVED_FILE_DIR)/Pods-flix_demo-checkManifestLockResult.txt",
			);
			runOnlyForDeploymentPostprocessing = 0;
			shellPath = /bin/sh;
			shellScript = "diff \"${PODS_PODFILE_DIR_PATH}/Podfile.lock\" \"${PODS_ROOT}/Manifest.lock\" > /dev/null\nif [ $? != 0 ] ; then\n    # print error to STDERR\n    echo \"error: The sandbox is not in sync with the Podfile.lock. Run 'pod install' or update your CocoaPods installation.\" >&2\n    exit 1\nfi\n# This output is used by Xcode 'outputs' to avoid re-running this script phase.\necho \"SUCCESS\" > \"${SCRIPT_OUTPUT_FILE_0}\"\n";
			showEnvVarsInLog = 0;
		};
		A71EA049746F5BB71FF1F7F5 /* [CP] Copy Pods Resources */ = {
			isa = PBXShellScriptBuildPhase;
			buildActionMask = 2147483647;
			files = (
			);
			inputPaths = (
			);
			name = "[CP] Copy Pods Resources";
			outputPaths = (
			);
			runOnlyForDeploymentPostprocessing = 0;
			shellPath = /bin/sh;
			shellScript = "\"${SRCROOT}/Pods/Target Support Files/Pods-flix_demo/Pods-flix_demo-resources.sh\"\n";
			showEnvVarsInLog = 0;
		};
		B4F19CFF9BC0E233ACE5CAEA /* [CP] Copy Pods Resources */ = {
			isa = PBXShellScriptBuildPhase;
			buildActionMask = 2147483647;
			files = (
			);
			inputPaths = (
			);
			name = "[CP] Copy Pods Resources";
			outputPaths = (
			);
			runOnlyForDeploymentPostprocessing = 0;
			shellPath = /bin/sh;
			shellScript = "\"${SRCROOT}/Pods/Target Support Files/Pods-flix_demoUITests/Pods-flix_demoUITests-resources.sh\"\n";
			showEnvVarsInLog = 0;
		};
/* End PBXShellScriptBuildPhase section */

/* Begin PBXSourcesBuildPhase section */
		C6996EFE20214EA40078B35E /* Sources */ = {
			isa = PBXSourcesBuildPhase;
			buildActionMask = 2147483647;
			files = (
				C6BA5CBB2027F8970056FDAD /* NowPlayingViewController.swift in Sources */,
				C6996F0620214EA50078B35E /* AppDelegate.swift in Sources */,
				C6BA5CBD202813E10056FDAD /* MovieCell.swift in Sources */,
				C65078C7202A833000EBBC1D /* DetailViewControllers.swift in Sources */,
			);
			runOnlyForDeploymentPostprocessing = 0;
		};
		C6996F1220214EA50078B35E /* Sources */ = {
			isa = PBXSourcesBuildPhase;
			buildActionMask = 2147483647;
			files = (
				C6996F1B20214EA50078B35E /* flix_demoTests.swift in Sources */,
			);
			runOnlyForDeploymentPostprocessing = 0;
		};
		C6996F1D20214EA50078B35E /* Sources */ = {
			isa = PBXSourcesBuildPhase;
			buildActionMask = 2147483647;
			files = (
				C6996F2620214EA50078B35E /* flix_demoUITests.swift in Sources */,
			);
			runOnlyForDeploymentPostprocessing = 0;
		};
/* End PBXSourcesBuildPhase section */

/* Begin PBXTargetDependency section */
		C6996F1820214EA50078B35E /* PBXTargetDependency */ = {
			isa = PBXTargetDependency;
			target = C6996F0120214EA40078B35E /* flix_demo */;
			targetProxy = C6996F1720214EA50078B35E /* PBXContainerItemProxy */;
		};
		C6996F2320214EA50078B35E /* PBXTargetDependency */ = {
			isa = PBXTargetDependency;
			target = C6996F0120214EA40078B35E /* flix_demo */;
			targetProxy = C6996F2220214EA50078B35E /* PBXContainerItemProxy */;
		};
/* End PBXTargetDependency section */

/* Begin PBXVariantGroup section */
		C6996F0920214EA50078B35E /* Main.storyboard */ = {
			isa = PBXVariantGroup;
			children = (
				C6996F0A20214EA50078B35E /* Base */,
			);
			name = Main.storyboard;
			sourceTree = "<group>";
		};
		C6996F0E20214EA50078B35E /* LaunchScreen.storyboard */ = {
			isa = PBXVariantGroup;
			children = (
				C6996F0F20214EA50078B35E /* Base */,
			);
			name = LaunchScreen.storyboard;
			sourceTree = "<group>";
		};
/* End PBXVariantGroup section */

/* Begin XCBuildConfiguration section */
		C6996F2820214EA50078B35E /* Debug */ = {
			isa = XCBuildConfiguration;
			buildSettings = {
				ALWAYS_SEARCH_USER_PATHS = NO;
				CLANG_ANALYZER_NONNULL = YES;
				CLANG_ANALYZER_NUMBER_OBJECT_CONVERSION = YES_AGGRESSIVE;
				CLANG_CXX_LANGUAGE_STANDARD = "gnu++14";
				CLANG_CXX_LIBRARY = "libc++";
				CLANG_ENABLE_MODULES = YES;
				CLANG_ENABLE_OBJC_ARC = YES;
				CLANG_WARN_BLOCK_CAPTURE_AUTORELEASING = YES;
				CLANG_WARN_BOOL_CONVERSION = YES;
				CLANG_WARN_COMMA = YES;
				CLANG_WARN_CONSTANT_CONVERSION = YES;
				CLANG_WARN_DIRECT_OBJC_ISA_USAGE = YES_ERROR;
				CLANG_WARN_DOCUMENTATION_COMMENTS = YES;
				CLANG_WARN_EMPTY_BODY = YES;
				CLANG_WARN_ENUM_CONVERSION = YES;
				CLANG_WARN_INFINITE_RECURSION = YES;
				CLANG_WARN_INT_CONVERSION = YES;
				CLANG_WARN_NON_LITERAL_NULL_CONVERSION = YES;
				CLANG_WARN_OBJC_LITERAL_CONVERSION = YES;
				CLANG_WARN_OBJC_ROOT_CLASS = YES_ERROR;
				CLANG_WARN_RANGE_LOOP_ANALYSIS = YES;
				CLANG_WARN_STRICT_PROTOTYPES = YES;
				CLANG_WARN_SUSPICIOUS_MOVE = YES;
				CLANG_WARN_UNGUARDED_AVAILABILITY = YES_AGGRESSIVE;
				CLANG_WARN_UNREACHABLE_CODE = YES;
				CLANG_WARN__DUPLICATE_METHOD_MATCH = YES;
				CODE_SIGN_IDENTITY = "iPhone Developer";
				COPY_PHASE_STRIP = NO;
				DEBUG_INFORMATION_FORMAT = dwarf;
				ENABLE_STRICT_OBJC_MSGSEND = YES;
				ENABLE_TESTABILITY = YES;
				GCC_C_LANGUAGE_STANDARD = gnu11;
				GCC_DYNAMIC_NO_PIC = NO;
				GCC_NO_COMMON_BLOCKS = YES;
				GCC_OPTIMIZATION_LEVEL = 0;
				GCC_PREPROCESSOR_DEFINITIONS = (
					"DEBUG=1",
					"$(inherited)",
				);
				GCC_WARN_64_TO_32_BIT_CONVERSION = YES;
				GCC_WARN_ABOUT_RETURN_TYPE = YES_ERROR;
				GCC_WARN_UNDECLARED_SELECTOR = YES;
				GCC_WARN_UNINITIALIZED_AUTOS = YES_AGGRESSIVE;
				GCC_WARN_UNUSED_FUNCTION = YES;
				GCC_WARN_UNUSED_VARIABLE = YES;
				IPHONEOS_DEPLOYMENT_TARGET = 11.2;
				MTL_ENABLE_DEBUG_INFO = YES;
				ONLY_ACTIVE_ARCH = YES;
				SDKROOT = iphoneos;
				SWIFT_ACTIVE_COMPILATION_CONDITIONS = DEBUG;
				SWIFT_OPTIMIZATION_LEVEL = "-Onone";
			};
			name = Debug;
		};
		C6996F2920214EA50078B35E /* Release */ = {
			isa = XCBuildConfiguration;
			buildSettings = {
				ALWAYS_SEARCH_USER_PATHS = NO;
				CLANG_ANALYZER_NONNULL = YES;
				CLANG_ANALYZER_NUMBER_OBJECT_CONVERSION = YES_AGGRESSIVE;
				CLANG_CXX_LANGUAGE_STANDARD = "gnu++14";
				CLANG_CXX_LIBRARY = "libc++";
				CLANG_ENABLE_MODULES = YES;
				CLANG_ENABLE_OBJC_ARC = YES;
				CLANG_WARN_BLOCK_CAPTURE_AUTORELEASING = YES;
				CLANG_WARN_BOOL_CONVERSION = YES;
				CLANG_WARN_COMMA = YES;
				CLANG_WARN_CONSTANT_CONVERSION = YES;
				CLANG_WARN_DIRECT_OBJC_ISA_USAGE = YES_ERROR;
				CLANG_WARN_DOCUMENTATION_COMMENTS = YES;
				CLANG_WARN_EMPTY_BODY = YES;
				CLANG_WARN_ENUM_CONVERSION = YES;
				CLANG_WARN_INFINITE_RECURSION = YES;
				CLANG_WARN_INT_CONVERSION = YES;
				CLANG_WARN_NON_LITERAL_NULL_CONVERSION = YES;
				CLANG_WARN_OBJC_LITERAL_CONVERSION = YES;
				CLANG_WARN_OBJC_ROOT_CLASS = YES_ERROR;
				CLANG_WARN_RANGE_LOOP_ANALYSIS = YES;
				CLANG_WARN_STRICT_PROTOTYPES = YES;
				CLANG_WARN_SUSPICIOUS_MOVE = YES;
				CLANG_WARN_UNGUARDED_AVAILABILITY = YES_AGGRESSIVE;
				CLANG_WARN_UNREACHABLE_CODE = YES;
				CLANG_WARN__DUPLICATE_METHOD_MATCH = YES;
				CODE_SIGN_IDENTITY = "iPhone Developer";
				COPY_PHASE_STRIP = NO;
				DEBUG_INFORMATION_FORMAT = "dwarf-with-dsym";
				ENABLE_NS_ASSERTIONS = NO;
				ENABLE_STRICT_OBJC_MSGSEND = YES;
				GCC_C_LANGUAGE_STANDARD = gnu11;
				GCC_NO_COMMON_BLOCKS = YES;
				GCC_WARN_64_TO_32_BIT_CONVERSION = YES;
				GCC_WARN_ABOUT_RETURN_TYPE = YES_ERROR;
				GCC_WARN_UNDECLARED_SELECTOR = YES;
				GCC_WARN_UNINITIALIZED_AUTOS = YES_AGGRESSIVE;
				GCC_WARN_UNUSED_FUNCTION = YES;
				GCC_WARN_UNUSED_VARIABLE = YES;
				IPHONEOS_DEPLOYMENT_TARGET = 11.2;
				MTL_ENABLE_DEBUG_INFO = NO;
				SDKROOT = iphoneos;
				SWIFT_OPTIMIZATION_LEVEL = "-Owholemodule";
				VALIDATE_PRODUCT = YES;
			};
			name = Release;
		};
		C6996F2B20214EA50078B35E /* Debug */ = {
			isa = XCBuildConfiguration;
			baseConfigurationReference = F575C96BAB7A17792DA54497 /* Pods-flix_demo.debug.xcconfig */;
			buildSettings = {
				ASSETCATALOG_COMPILER_APPICON_NAME = AppIcon;
				CODE_SIGN_STYLE = Automatic;
				INFOPLIST_FILE = flix_demo/Info.plist;
				LD_RUNPATH_SEARCH_PATHS = "$(inherited) @executable_path/Frameworks";
				PRODUCT_BUNDLE_IDENTIFIER = "com.codepath.flix-demo";
				PRODUCT_NAME = "$(TARGET_NAME)";
				SWIFT_VERSION = 4.0;
				TARGETED_DEVICE_FAMILY = "1,2";
			};
			name = Debug;
		};
		C6996F2C20214EA50078B35E /* Release */ = {
			isa = XCBuildConfiguration;
			baseConfigurationReference = C58B1903A3ED22CB9BED89C7 /* Pods-flix_demo.release.xcconfig */;
			buildSettings = {
				ASSETCATALOG_COMPILER_APPICON_NAME = AppIcon;
				CODE_SIGN_STYLE = Automatic;
				INFOPLIST_FILE = flix_demo/Info.plist;
				LD_RUNPATH_SEARCH_PATHS = "$(inherited) @executable_path/Frameworks";
				PRODUCT_BUNDLE_IDENTIFIER = "com.codepath.flix-demo";
				PRODUCT_NAME = "$(TARGET_NAME)";
				SWIFT_VERSION = 4.0;
				TARGETED_DEVICE_FAMILY = "1,2";
			};
			name = Release;
		};
		C6996F2E20214EA50078B35E /* Debug */ = {
			isa = XCBuildConfiguration;
			baseConfigurationReference = B2CFCCA0180B10614AB9F7B9 /* Pods-flix_demoTests.debug.xcconfig */;
			buildSettings = {
				ALWAYS_EMBED_SWIFT_STANDARD_LIBRARIES = YES;
				BUNDLE_LOADER = "$(TEST_HOST)";
				CODE_SIGN_STYLE = Automatic;
				INFOPLIST_FILE = flix_demoTests/Info.plist;
				LD_RUNPATH_SEARCH_PATHS = "$(inherited) @executable_path/Frameworks @loader_path/Frameworks";
				PRODUCT_BUNDLE_IDENTIFIER = "com.codepath.flix-demoTests";
				PRODUCT_NAME = "$(TARGET_NAME)";
				SWIFT_VERSION = 4.0;
				TARGETED_DEVICE_FAMILY = "1,2";
				TEST_HOST = "$(BUILT_PRODUCTS_DIR)/flix_demo.app/flix_demo";
			};
			name = Debug;
		};
		C6996F2F20214EA50078B35E /* Release */ = {
			isa = XCBuildConfiguration;
			baseConfigurationReference = 253219E7BDDE99E339CE6617 /* Pods-flix_demoTests.release.xcconfig */;
			buildSettings = {
				ALWAYS_EMBED_SWIFT_STANDARD_LIBRARIES = YES;
				BUNDLE_LOADER = "$(TEST_HOST)";
				CODE_SIGN_STYLE = Automatic;
				INFOPLIST_FILE = flix_demoTests/Info.plist;
				LD_RUNPATH_SEARCH_PATHS = "$(inherited) @executable_path/Frameworks @loader_path/Frameworks";
				PRODUCT_BUNDLE_IDENTIFIER = "com.codepath.flix-demoTests";
				PRODUCT_NAME = "$(TARGET_NAME)";
				SWIFT_VERSION = 4.0;
				TARGETED_DEVICE_FAMILY = "1,2";
				TEST_HOST = "$(BUILT_PRODUCTS_DIR)/flix_demo.app/flix_demo";
			};
			name = Release;
		};
		C6996F3120214EA50078B35E /* Debug */ = {
			isa = XCBuildConfiguration;
			baseConfigurationReference = 0500571E8748881F7104ABC4 /* Pods-flix_demoUITests.debug.xcconfig */;
			buildSettings = {
				ALWAYS_EMBED_SWIFT_STANDARD_LIBRARIES = YES;
				CODE_SIGN_STYLE = Automatic;
				INFOPLIST_FILE = flix_demoUITests/Info.plist;
				LD_RUNPATH_SEARCH_PATHS = "$(inherited) @executable_path/Frameworks @loader_path/Frameworks";
				PRODUCT_BUNDLE_IDENTIFIER = "com.codepath.flix-demoUITests";
				PRODUCT_NAME = "$(TARGET_NAME)";
				SWIFT_VERSION = 4.0;
				TARGETED_DEVICE_FAMILY = "1,2";
				TEST_TARGET_NAME = flix_demo;
			};
			name = Debug;
		};
		C6996F3220214EA50078B35E /* Release */ = {
			isa = XCBuildConfiguration;
			baseConfigurationReference = 0A83FF08300608362B0FE0E4 /* Pods-flix_demoUITests.release.xcconfig */;
			buildSettings = {
				ALWAYS_EMBED_SWIFT_STANDARD_LIBRARIES = YES;
				CODE_SIGN_STYLE = Automatic;
				INFOPLIST_FILE = flix_demoUITests/Info.plist;
				LD_RUNPATH_SEARCH_PATHS = "$(inherited) @executable_path/Frameworks @loader_path/Frameworks";
				PRODUCT_BUNDLE_IDENTIFIER = "com.codepath.flix-demoUITests";
				PRODUCT_NAME = "$(TARGET_NAME)";
				SWIFT_VERSION = 4.0;
				TARGETED_DEVICE_FAMILY = "1,2";
				TEST_TARGET_NAME = flix_demo;
			};
			name = Release;
		};
/* End XCBuildConfiguration section */

/* Begin XCConfigurationList section */
		C6996EFD20214EA40078B35E /* Build configuration list for PBXProject "flix_demo" */ = {
			isa = XCConfigurationList;
			buildConfigurations = (
				C6996F2820214EA50078B35E /* Debug */,
				C6996F2920214EA50078B35E /* Release */,
			);
			defaultConfigurationIsVisible = 0;
			defaultConfigurationName = Release;
		};
		C6996F2A20214EA50078B35E /* Build configuration list for PBXNativeTarget "flix_demo" */ = {
			isa = XCConfigurationList;
			buildConfigurations = (
				C6996F2B20214EA50078B35E /* Debug */,
				C6996F2C20214EA50078B35E /* Release */,
			);
			defaultConfigurationIsVisible = 0;
			defaultConfigurationName = Release;
		};
		C6996F2D20214EA50078B35E /* Build configuration list for PBXNativeTarget "flix_demoTests" */ = {
			isa = XCConfigurationList;
			buildConfigurations = (
				C6996F2E20214EA50078B35E /* Debug */,
				C6996F2F20214EA50078B35E /* Release */,
			);
			defaultConfigurationIsVisible = 0;
			defaultConfigurationName = Release;
		};
		C6996F3020214EA50078B35E /* Build configuration list for PBXNativeTarget "flix_demoUITests" */ = {
			isa = XCConfigurationList;
			buildConfigurations = (
				C6996F3120214EA50078B35E /* Debug */,
				C6996F3220214EA50078B35E /* Release */,
			);
			defaultConfigurationIsVisible = 0;
			defaultConfigurationName = Release;
		};
/* End XCConfigurationList section */
	};
	rootObject = C6996EFA20214EA40078B35E /* Project object */;
}
